
Microsoft Visual Studio Solution File, Format Version 12.00
# Visual Studio 15
VisualStudioVersion = 15.0.26124.0
MinimumVisualStudioVersion = 15.0.26124.0
Project("{2150E333-8FDC-42A3-9474-1A3956D46DE8}") = "src", "src", "{DF039277-8CE7-4097-BF87-345F5A130E30}"
EndProject
Project("{FAE04EC0-301F-11D3-BF4B-00C04F79EFBC}") = "Resume", "src\Resume\Resume.csproj", "{C1855414-EE93-42ED-AA26-795D6080527D}"
EndProject
Project("{FAE04EC0-301F-11D3-BF4B-00C04F79EFBC}") = "Resume.Templates", "src\Resume.Templates\Resume.Templates.csproj", "{D2F7E6C6-671C-4A81-A0D0-085CB4F9FFE2}"
EndProject
Project("{FAE04EC0-301F-11D3-BF4B-00C04F79EFBC}") = "Resume.Schema", "src\Resume.Schema\Resume.Schema.csproj", "{A1C5F32A-D5CC-417A-8B4E-C8023207BD32}"
EndProject
Global
	GlobalSection(SolutionConfigurationPlatforms) = preSolution
		Debug|Any CPU = Debug|Any CPU
		Debug|x64 = Debug|x64
		Debug|x86 = Debug|x86
		Release|Any CPU = Release|Any CPU
		Release|x64 = Release|x64
		Release|x86 = Release|x86
	EndGlobalSection
	GlobalSection(SolutionProperties) = preSolution
		HideSolutionNode = FALSE
	EndGlobalSection
	GlobalSection(ProjectConfigurationPlatforms) = postSolution
		{C1855414-EE93-42ED-AA26-795D6080527D}.Debug|Any CPU.ActiveCfg = Debug|Any CPU
		{C1855414-EE93-42ED-AA26-795D6080527D}.Debug|Any CPU.Build.0 = Debug|Any CPU
		{C1855414-EE93-42ED-AA26-795D6080527D}.Debug|x64.ActiveCfg = Debug|Any CPU
		{C1855414-EE93-42ED-AA26-795D6080527D}.Debug|x64.Build.0 = Debug|Any CPU
		{C1855414-EE93-42ED-AA26-795D6080527D}.Debug|x86.ActiveCfg = Debug|Any CPU
		{C1855414-EE93-42ED-AA26-795D6080527D}.Debug|x86.Build.0 = Debug|Any CPU
		{C1855414-EE93-42ED-AA26-795D6080527D}.Release|Any CPU.ActiveCfg = Release|Any CPU
		{C1855414-EE93-42ED-AA26-795D6080527D}.Release|Any CPU.Build.0 = Release|Any CPU
		{C1855414-EE93-42ED-AA26-795D6080527D}.Release|x64.ActiveCfg = Release|Any CPU
		{C1855414-EE93-42ED-AA26-795D6080527D}.Release|x64.Build.0 = Release|Any CPU
		{C1855414-EE93-42ED-AA26-795D6080527D}.Release|x86.ActiveCfg = Release|Any CPU
		{C1855414-EE93-42ED-AA26-795D6080527D}.Release|x86.Build.0 = Release|Any CPU
		{D2F7E6C6-671C-4A81-A0D0-085CB4F9FFE2}.Debug|Any CPU.ActiveCfg = Debug|Any CPU
		{D2F7E6C6-671C-4A81-A0D0-085CB4F9FFE2}.Debug|Any CPU.Build.0 = Debug|Any CPU
		{D2F7E6C6-671C-4A81-A0D0-085CB4F9FFE2}.Debug|x64.ActiveCfg = Debug|Any CPU
		{D2F7E6C6-671C-4A81-A0D0-085CB4F9FFE2}.Debug|x64.Build.0 = Debug|Any CPU
		{D2F7E6C6-671C-4A81-A0D0-085CB4F9FFE2}.Debug|x86.ActiveCfg = Debug|Any CPU
		{D2F7E6C6-671C-4A81-A0D0-085CB4F9FFE2}.Debug|x86.Build.0 = Debug|Any CPU
		{D2F7E6C6-671C-4A81-A0D0-085CB4F9FFE2}.Release|Any CPU.ActiveCfg = Release|Any CPU
		{D2F7E6C6-671C-4A81-A0D0-085CB4F9FFE2}.Release|Any CPU.Build.0 = Release|Any CPU
		{D2F7E6C6-671C-4A81-A0D0-085CB4F9FFE2}.Release|x64.ActiveCfg = Release|Any CPU
		{D2F7E6C6-671C-4A81-A0D0-085CB4F9FFE2}.Release|x64.Build.0 = Release|Any CPU
		{D2F7E6C6-671C-4A81-A0D0-085CB4F9FFE2}.Release|x86.ActiveCfg = Release|Any CPU
		{D2F7E6C6-671C-4A81-A0D0-085CB4F9FFE2}.Release|x86.Build.0 = Release|Any CPU
		{A1C5F32A-D5CC-417A-8B4E-C8023207BD32}.Debug|Any CPU.ActiveCfg = Debug|Any CPU
		{A1C5F32A-D5CC-417A-8B4E-C8023207BD32}.Debug|Any CPU.Build.0 = Debug|Any CPU
		{A1C5F32A-D5CC-417A-8B4E-C8023207BD32}.Debug|x64.ActiveCfg = Debug|Any CPU
		{A1C5F32A-D5CC-417A-8B4E-C8023207BD32}.Debug|x64.Build.0 = Debug|Any CPU
		{A1C5F32A-D5CC-417A-8B4E-C8023207BD32}.Debug|x86.ActiveCfg = Debug|Any CPU
		{A1C5F32A-D5CC-417A-8B4E-C8023207BD32}.Debug|x86.Build.0 = Debug|Any CPU
		{A1C5F32A-D5CC-417A-8B4E-C8023207BD32}.Release|Any CPU.ActiveCfg = Release|Any CPU
		{A1C5F32A-D5CC-417A-8B4E-C8023207BD32}.Release|Any CPU.Build.0 = Release|Any CPU
		{A1C5F32A-D5CC-417A-8B4E-C8023207BD32}.Release|x64.ActiveCfg = Release|Any CPU
		{A1C5F32A-D5CC-417A-8B4E-C8023207BD32}.Release|x64.Build.0 = Release|Any CPU
		{A1C5F32A-D5CC-417A-8B4E-C8023207BD32}.Release|x86.ActiveCfg = Release|Any CPU
		{A1C5F32A-D5CC-417A-8B4E-C8023207BD32}.Release|x86.Build.0 = Release|Any CPU
	EndGlobalSection
	GlobalSection(NestedProjects) = preSolution
		{C1855414-EE93-42ED-AA26-795D6080527D} = {DF039277-8CE7-4097-BF87-345F5A130E30}
		{D2F7E6C6-671C-4A81-A0D0-085CB4F9FFE2} = {DF039277-8CE7-4097-BF87-345F5A130E30}
		{A1C5F32A-D5CC-417A-8B4E-C8023207BD32} = {DF039277-8CE7-4097-BF87-345F5A130E30}
	EndGlobalSection
EndGlobal
